
Microsoft Visual Studio Solution File, Format Version 12.00
# Visual Studio Version 17
VisualStudioVersion = 17.0.31903.59
MinimumVisualStudioVersion = 10.0.40219.1
Project("{9A19103F-16F7-4668-BE54-9A1E7A4F7556}") = "ScreenSound", "ScreenSound\ScreenSound.csproj", "{A9CCE41C-6657-42BF-AED4-F3F578033037}"
EndProject
Project("{FAE04EC0-301F-11D3-BF4B-00C04F79EFBC}") = "ScreenSound.API", "ScreenSound.API\ScreenSound.API.csproj", "{17B11ABC-A384-4EDB-BDE4-ACEA5EAE8A07}"
EndProject
Project("{FAE04EC0-301F-11D3-BF4B-00C04F79EFBC}") = "ScreenSound.Shared.Modelos", "ScreenSound.Shared.Modelos\ScreenSound.Shared.Modelos.csproj", "{A8F5FEC2-DEF1-43D2-BD3B-8A9F19861381}"
EndProject
Global
	GlobalSection(SolutionConfigurationPlatforms) = preSolution
		Debug|Any CPU = Debug|Any CPU
		Release|Any CPU = Release|Any CPU
	EndGlobalSection
	GlobalSection(ProjectConfigurationPlatforms) = postSolution
		{A9CCE41C-6657-42BF-AED4-F3F578033037}.Debug|Any CPU.ActiveCfg = Debug|Any CPU
		{A9CCE41C-6657-42BF-AED4-F3F578033037}.Debug|Any CPU.Build.0 = Debug|Any CPU
		{A9CCE41C-6657-42BF-AED4-F3F578033037}.Release|Any CPU.ActiveCfg = Release|Any CPU
		{A9CCE41C-6657-42BF-AED4-F3F578033037}.Release|Any CPU.Build.0 = Release|Any CPU
		{17B11ABC-A384-4EDB-BDE4-ACEA5EAE8A07}.Debug|Any CPU.ActiveCfg = Debug|Any CPU
		{17B11ABC-A384-4EDB-BDE4-ACEA5EAE8A07}.Debug|Any CPU.Build.0 = Debug|Any CPU
		{17B11ABC-A384-4EDB-BDE4-ACEA5EAE8A07}.Release|Any CPU.ActiveCfg = Release|Any CPU
		{17B11ABC-A384-4EDB-BDE4-ACEA5EAE8A07}.Release|Any CPU.Build.0 = Release|Any CPU
		{A8F5FEC2-DEF1-43D2-BD3B-8A9F19861381}.Debug|Any CPU.ActiveCfg = Debug|Any CPU
		{A8F5FEC2-DEF1-43D2-BD3B-8A9F19861381}.Debug|Any CPU.Build.0 = Debug|Any CPU
		{A8F5FEC2-DEF1-43D2-BD3B-8A9F19861381}.Release|Any CPU.ActiveCfg = Release|Any CPU
		{A8F5FEC2-DEF1-43D2-BD3B-8A9F19861381}.Release|Any CPU.Build.0 = Release|Any CPU
	EndGlobalSection
	GlobalSection(SolutionProperties) = preSolution
		HideSolutionNode = FALSE
	EndGlobalSection
	GlobalSection(ExtensibilityGlobals) = postSolution
		SolutionGuid = {4AB3B108-9F2B-4FCB-9539-BE2FA57BEDA6}
	EndGlobalSection
EndGlobal
